
Microsoft Visual Studio Solution File, Format Version 12.00
# Visual Studio Version 17
VisualStudioVersion = 17.5.002.0
MinimumVisualStudioVersion = 10.0.40219.1
Project("{2150E333-8FDC-42A3-9474-1A3956D46DE8}") = "csharp-prep", "csharp-prep", "{A57452D6-F5FE-4DD5-B8A9-B9111C7B1B45}"
EndProject
Project("{9A19103F-16F7-4668-BE54-9A1E7A4F7556}") = "Prep1", "csharp-prep\Prep1\Prep1.csproj", "{A5DEB2B5-934C-435B-B31D-2A396086FDC9}"
EndProject
Project("{9A19103F-16F7-4668-BE54-9A1E7A4F7556}") = "Prep2", "csharp-prep\Prep2\Prep2.csproj", "{7F13870A-9B40-4C3C-AC44-32E4D47415BC}"
EndProject
Project("{9A19103F-16F7-4668-BE54-9A1E7A4F7556}") = "Prep3", "csharp-prep\Prep3\Prep3.csproj", "{EA958645-B690-40C5-B47E-F09006DF9512}"
EndProject
Project("{9A19103F-16F7-4668-BE54-9A1E7A4F7556}") = "Prep4", "csharp-prep\Prep4\Prep4.csproj", "{19A27BE1-3BA8-44B5-A07B-C65FBE1D97BD}"
EndProject
Project("{9A19103F-16F7-4668-BE54-9A1E7A4F7556}") = "Prep5", "csharp-prep\Prep5\Prep5.csproj", "{DAFC1297-BFA4-47EA-8BDA-E712E6AF3BE8}"
EndProject
Project("{2150E333-8FDC-42A3-9474-1A3956D46DE8}") = "final", "final", "{81E0ADEA-3070-4532-A936-F303FE8D0F1D}"
EndProject
Project("{9A19103F-16F7-4668-BE54-9A1E7A4F7556}") = "FinalProject", "final\FinalProject\FinalProject.csproj", "{9DD76811-BB9F-4DAF-A86B-709A8FC2432E}"
EndProject
Project("{9A19103F-16F7-4668-BE54-9A1E7A4F7556}") = "Foundation1", "final\Foundation1\Foundation1.csproj", "{607212AA-99B8-448B-8235-D0B99D1169ED}"
EndProject
Project("{9A19103F-16F7-4668-BE54-9A1E7A4F7556}") = "Foundation2", "final\Foundation2\Foundation2.csproj", "{5D3F50CA-644E-46C9-9D0D-1FAB7B02A772}"
EndProject
Project("{9A19103F-16F7-4668-BE54-9A1E7A4F7556}") = "Foundation3", "final\Foundation3\Foundation3.csproj", "{B15D7BAD-92AD-4385-B6DB-2276032C1110}"
EndProject
Project("{9A19103F-16F7-4668-BE54-9A1E7A4F7556}") = "Foundation4", "final\Foundation4\Foundation4.csproj", "{F52132BA-EDAA-40E1-AB0B-F047E7683F13}"
EndProject
Project("{2150E333-8FDC-42A3-9474-1A3956D46DE8}") = "prepare", "prepare", "{E7C4EC8F-476B-4E1B-AAED-F90803B417C7}"
EndProject
Project("{9A19103F-16F7-4668-BE54-9A1E7A4F7556}") = "Learning02", "prepare\Learning02\Learning02.csproj", "{0875EBC4-61DC-4E87-BA88-4B16BDA1282D}"
EndProject
Project("{9A19103F-16F7-4668-BE54-9A1E7A4F7556}") = "Learning03", "prepare\Learning03\Learning03.csproj", "{F93492E8-5D79-4405-8930-55655DAA8E04}"
EndProject
Project("{9A19103F-16F7-4668-BE54-9A1E7A4F7556}") = "Learning04", "prepare\Learning04\Learning04.csproj", "{D8B9F777-BC4F-444D-B2F3-EA0DA8B83A51}"
EndProject
Project("{9A19103F-16F7-4668-BE54-9A1E7A4F7556}") = "Learning05", "prepare\Learning05\Learning05.csproj", "{0977FE2F-4331-4FFB-A53C-6D4D74C3FBE9}"
EndProject
Project("{2150E333-8FDC-42A3-9474-1A3956D46DE8}") = "prove", "prove", "{13898823-65C1-4B39-803E-EA0F0BDDA86E}"
EndProject
Project("{9A19103F-16F7-4668-BE54-9A1E7A4F7556}") = "Develop02", "prove\Develop02\Develop02.csproj", "{15AFC341-F115-41A6-A109-C11DA126E955}"
EndProject
Project("{9A19103F-16F7-4668-BE54-9A1E7A4F7556}") = "Develop03", "prove\Develop03\Develop03.csproj", "{B92D3E0E-09EF-476D-AA13-5D4A1A1103BC}"
EndProject
Project("{9A19103F-16F7-4668-BE54-9A1E7A4F7556}") = "Develop04", "prove\Develop04\Develop04.csproj", "{8E92D2D9-1E36-461E-8F44-E1CEA67170A0}"
EndProject
Project("{9A19103F-16F7-4668-BE54-9A1E7A4F7556}") = "Develop05", "prove\Develop05\Develop05.csproj", "{81EF1A2A-7915-471E-B74F-D9D1946D3F64}"
EndProject
Project("{2150E333-8FDC-42A3-9474-1A3956D46DE8}") = "sandbox", "sandbox", "{6F4B9C85-543A-4B33-A777-980B1A89F6B2}"
EndProject
Project("{9A19103F-16F7-4668-BE54-9A1E7A4F7556}") = "Sandbox", "sandbox\Sandbox\Sandbox.csproj", "{8C88363C-1E79-4937-865A-D683BC095A0B}"
EndProject
Global
	GlobalSection(SolutionConfigurationPlatforms) = preSolution
		Debug|Any CPU = Debug|Any CPU
		Release|Any CPU = Release|Any CPU
	EndGlobalSection
	GlobalSection(ProjectConfigurationPlatforms) = postSolution
		{A5DEB2B5-934C-435B-B31D-2A396086FDC9}.Debug|Any CPU.ActiveCfg = Debug|Any CPU
		{A5DEB2B5-934C-435B-B31D-2A396086FDC9}.Debug|Any CPU.Build.0 = Debug|Any CPU
		{A5DEB2B5-934C-435B-B31D-2A396086FDC9}.Release|Any CPU.ActiveCfg = Release|Any CPU
		{A5DEB2B5-934C-435B-B31D-2A396086FDC9}.Release|Any CPU.Build.0 = Release|Any CPU
		{7F13870A-9B40-4C3C-AC44-32E4D47415BC}.Debug|Any CPU.ActiveCfg = Debug|Any CPU
		{7F13870A-9B40-4C3C-AC44-32E4D47415BC}.Debug|Any CPU.Build.0 = Debug|Any CPU
		{7F13870A-9B40-4C3C-AC44-32E4D47415BC}.Release|Any CPU.ActiveCfg = Release|Any CPU
		{7F13870A-9B40-4C3C-AC44-32E4D47415BC}.Release|Any CPU.Build.0 = Release|Any CPU
		{EA958645-B690-40C5-B47E-F09006DF9512}.Debug|Any CPU.ActiveCfg = Debug|Any CPU
		{EA958645-B690-40C5-B47E-F09006DF9512}.Debug|Any CPU.Build.0 = Debug|Any CPU
		{EA958645-B690-40C5-B47E-F09006DF9512}.Release|Any CPU.ActiveCfg = Release|Any CPU
		{EA958645-B690-40C5-B47E-F09006DF9512}.Release|Any CPU.Build.0 = Release|Any CPU
		{19A27BE1-3BA8-44B5-A07B-C65FBE1D97BD}.Debug|Any CPU.ActiveCfg = Debug|Any CPU
		{19A27BE1-3BA8-44B5-A07B-C65FBE1D97BD}.Debug|Any CPU.Build.0 = Debug|Any CPU
		{19A27BE1-3BA8-44B5-A07B-C65FBE1D97BD}.Release|Any CPU.ActiveCfg = Release|Any CPU
		{19A27BE1-3BA8-44B5-A07B-C65FBE1D97BD}.Release|Any CPU.Build.0 = Release|Any CPU
		{DAFC1297-BFA4-47EA-8BDA-E712E6AF3BE8}.Debug|Any CPU.ActiveCfg = Debug|Any CPU
		{DAFC1297-BFA4-47EA-8BDA-E712E6AF3BE8}.Debug|Any CPU.Build.0 = Debug|Any CPU
		{DAFC1297-BFA4-47EA-8BDA-E712E6AF3BE8}.Release|Any CPU.ActiveCfg = Release|Any CPU
		{DAFC1297-BFA4-47EA-8BDA-E712E6AF3BE8}.Release|Any CPU.Build.0 = Release|Any CPU
		{9DD76811-BB9F-4DAF-A86B-709A8FC2432E}.Debug|Any CPU.ActiveCfg = Debug|Any CPU
		{9DD76811-BB9F-4DAF-A86B-709A8FC2432E}.Debug|Any CPU.Build.0 = Debug|Any CPU
		{9DD76811-BB9F-4DAF-A86B-709A8FC2432E}.Release|Any CPU.ActiveCfg = Release|Any CPU
		{9DD76811-BB9F-4DAF-A86B-709A8FC2432E}.Release|Any CPU.Build.0 = Release|Any CPU
		{607212AA-99B8-448B-8235-D0B99D1169ED}.Debug|Any CPU.ActiveCfg = Debug|Any CPU
		{607212AA-99B8-448B-8235-D0B99D1169ED}.Debug|Any CPU.Build.0 = Debug|Any CPU
		{607212AA-99B8-448B-8235-D0B99D1169ED}.Release|Any CPU.ActiveCfg = Release|Any CPU
		{607212AA-99B8-448B-8235-D0B99D1169ED}.Release|Any CPU.Build.0 = Release|Any CPU
		{5D3F50CA-644E-46C9-9D0D-1FAB7B02A772}.Debug|Any CPU.ActiveCfg = Debug|Any CPU
		{5D3F50CA-644E-46C9-9D0D-1FAB7B02A772}.Debug|Any CPU.Build.0 = Debug|Any CPU
		{5D3F50CA-644E-46C9-9D0D-1FAB7B02A772}.Release|Any CPU.ActiveCfg = Release|Any CPU
		{5D3F50CA-644E-46C9-9D0D-1FAB7B02A772}.Release|Any CPU.Build.0 = Release|Any CPU
		{B15D7BAD-92AD-4385-B6DB-2276032C1110}.Debug|Any CPU.ActiveCfg = Debug|Any CPU
		{B15D7BAD-92AD-4385-B6DB-2276032C1110}.Debug|Any CPU.Build.0 = Debug|Any CPU
		{B15D7BAD-92AD-4385-B6DB-2276032C1110}.Release|Any CPU.ActiveCfg = Release|Any CPU
		{B15D7BAD-92AD-4385-B6DB-2276032C1110}.Release|Any CPU.Build.0 = Release|Any CPU
		{F52132BA-EDAA-40E1-AB0B-F047E7683F13}.Debug|Any CPU.ActiveCfg = Debug|Any CPU
		{F52132BA-EDAA-40E1-AB0B-F047E7683F13}.Debug|Any CPU.Build.0 = Debug|Any CPU
		{F52132BA-EDAA-40E1-AB0B-F047E7683F13}.Release|Any CPU.ActiveCfg = Release|Any CPU
		{F52132BA-EDAA-40E1-AB0B-F047E7683F13}.Release|Any CPU.Build.0 = Release|Any CPU
		{0875EBC4-61DC-4E87-BA88-4B16BDA1282D}.Debug|Any CPU.ActiveCfg = Debug|Any CPU
		{0875EBC4-61DC-4E87-BA88-4B16BDA1282D}.Debug|Any CPU.Build.0 = Debug|Any CPU
		{0875EBC4-61DC-4E87-BA88-4B16BDA1282D}.Release|Any CPU.ActiveCfg = Release|Any CPU
		{0875EBC4-61DC-4E87-BA88-4B16BDA1282D}.Release|Any CPU.Build.0 = Release|Any CPU
		{F93492E8-5D79-4405-8930-55655DAA8E04}.Debug|Any CPU.ActiveCfg = Debug|Any CPU
		{F93492E8-5D79-4405-8930-55655DAA8E04}.Debug|Any CPU.Build.0 = Debug|Any CPU
		{F93492E8-5D79-4405-8930-55655DAA8E04}.Release|Any CPU.ActiveCfg = Release|Any CPU
		{F93492E8-5D79-4405-8930-55655DAA8E04}.Release|Any CPU.Build.0 = Release|Any CPU
		{D8B9F777-BC4F-444D-B2F3-EA0DA8B83A51}.Debug|Any CPU.ActiveCfg = Debug|Any CPU
		{D8B9F777-BC4F-444D-B2F3-EA0DA8B83A51}.Debug|Any CPU.Build.0 = Debug|Any CPU
		{D8B9F777-BC4F-444D-B2F3-EA0DA8B83A51}.Release|Any CPU.ActiveCfg = Release|Any CPU
		{D8B9F777-BC4F-444D-B2F3-EA0DA8B83A51}.Release|Any CPU.Build.0 = Release|Any CPU
		{0977FE2F-4331-4FFB-A53C-6D4D74C3FBE9}.Debug|Any CPU.ActiveCfg = Debug|Any CPU
		{0977FE2F-4331-4FFB-A53C-6D4D74C3FBE9}.Debug|Any CPU.Build.0 = Debug|Any CPU
		{0977FE2F-4331-4FFB-A53C-6D4D74C3FBE9}.Release|Any CPU.ActiveCfg = Release|Any CPU
		{0977FE2F-4331-4FFB-A53C-6D4D74C3FBE9}.Release|Any CPU.Build.0 = Release|Any CPU
		{15AFC341-F115-41A6-A109-C11DA126E955}.Debug|Any CPU.ActiveCfg = Debug|Any CPU
		{15AFC341-F115-41A6-A109-C11DA126E955}.Debug|Any CPU.Build.0 = Debug|Any CPU
		{15AFC341-F115-41A6-A109-C11DA126E955}.Release|Any CPU.ActiveCfg = Release|Any CPU
		{15AFC341-F115-41A6-A109-C11DA126E955}.Release|Any CPU.Build.0 = Release|Any CPU
		{B92D3E0E-09EF-476D-AA13-5D4A1A1103BC}.Debug|Any CPU.ActiveCfg = Debug|Any CPU
		{B92D3E0E-09EF-476D-AA13-5D4A1A1103BC}.Debug|Any CPU.Build.0 = Debug|Any CPU
		{B92D3E0E-09EF-476D-AA13-5D4A1A1103BC}.Release|Any CPU.ActiveCfg = Release|Any CPU
		{B92D3E0E-09EF-476D-AA13-5D4A1A1103BC}.Release|Any CPU.Build.0 = Release|Any CPU
		{8E92D2D9-1E36-461E-8F44-E1CEA67170A0}.Debug|Any CPU.ActiveCfg = Debug|Any CPU
		{8E92D2D9-1E36-461E-8F44-E1CEA67170A0}.Debug|Any CPU.Build.0 = Debug|Any CPU
		{8E92D2D9-1E36-461E-8F44-E1CEA67170A0}.Release|Any CPU.ActiveCfg = Release|Any CPU
		{8E92D2D9-1E36-461E-8F44-E1CEA67170A0}.Release|Any CPU.Build.0 = Release|Any CPU
		{81EF1A2A-7915-471E-B74F-D9D1946D3F64}.Debug|Any CPU.ActiveCfg = Debug|Any CPU
		{81EF1A2A-7915-471E-B74F-D9D1946D3F64}.Debug|Any CPU.Build.0 = Debug|Any CPU
		{81EF1A2A-7915-471E-B74F-D9D1946D3F64}.Release|Any CPU.ActiveCfg = Release|Any CPU
		{81EF1A2A-7915-471E-B74F-D9D1946D3F64}.Release|Any CPU.Build.0 = Release|Any CPU
		{8C88363C-1E79-4937-865A-D683BC095A0B}.Debug|Any CPU.ActiveCfg = Debug|Any CPU
		{8C88363C-1E79-4937-865A-D683BC095A0B}.Debug|Any CPU.Build.0 = Debug|Any CPU
		{8C88363C-1E79-4937-865A-D683BC095A0B}.Release|Any CPU.ActiveCfg = Release|Any CPU
		{8C88363C-1E79-4937-865A-D683BC095A0B}.Release|Any CPU.Build.0 = Release|Any CPU
	EndGlobalSection
	GlobalSection(SolutionProperties) = preSolution
		HideSolutionNode = FALSE
	EndGlobalSection
	GlobalSection(NestedProjects) = preSolution
		{A5DEB2B5-934C-435B-B31D-2A396086FDC9} = {A57452D6-F5FE-4DD5-B8A9-B9111C7B1B45}
		{7F13870A-9B40-4C3C-AC44-32E4D47415BC} = {A57452D6-F5FE-4DD5-B8A9-B9111C7B1B45}
		{EA958645-B690-40C5-B47E-F09006DF9512} = {A57452D6-F5FE-4DD5-B8A9-B9111C7B1B45}
		{19A27BE1-3BA8-44B5-A07B-C65FBE1D97BD} = {A57452D6-F5FE-4DD5-B8A9-B9111C7B1B45}
		{DAFC1297-BFA4-47EA-8BDA-E712E6AF3BE8} = {A57452D6-F5FE-4DD5-B8A9-B9111C7B1B45}
		{9DD76811-BB9F-4DAF-A86B-709A8FC2432E} = {81E0ADEA-3070-4532-A936-F303FE8D0F1D}
		{607212AA-99B8-448B-8235-D0B99D1169ED} = {81E0ADEA-3070-4532-A936-F303FE8D0F1D}
		{5D3F50CA-644E-46C9-9D0D-1FAB7B02A772} = {81E0ADEA-3070-4532-A936-F303FE8D0F1D}
		{B15D7BAD-92AD-4385-B6DB-2276032C1110} = {81E0ADEA-3070-4532-A936-F303FE8D0F1D}
		{F52132BA-EDAA-40E1-AB0B-F047E7683F13} = {81E0ADEA-3070-4532-A936-F303FE8D0F1D}
		{0875EBC4-61DC-4E87-BA88-4B16BDA1282D} = {E7C4EC8F-476B-4E1B-AAED-F90803B417C7}
		{F93492E8-5D79-4405-8930-55655DAA8E04} = {E7C4EC8F-476B-4E1B-AAED-F90803B417C7}
		{D8B9F777-BC4F-444D-B2F3-EA0DA8B83A51} = {E7C4EC8F-476B-4E1B-AAED-F90803B417C7}
		{0977FE2F-4331-4FFB-A53C-6D4D74C3FBE9} = {E7C4EC8F-476B-4E1B-AAED-F90803B417C7}
		{15AFC341-F115-41A6-A109-C11DA126E955} = {13898823-65C1-4B39-803E-EA0F0BDDA86E}
		{B92D3E0E-09EF-476D-AA13-5D4A1A1103BC} = {13898823-65C1-4B39-803E-EA0F0BDDA86E}
		{8E92D2D9-1E36-461E-8F44-E1CEA67170A0} = {13898823-65C1-4B39-803E-EA0F0BDDA86E}
		{81EF1A2A-7915-471E-B74F-D9D1946D3F64} = {13898823-65C1-4B39-803E-EA0F0BDDA86E}
		{8C88363C-1E79-4937-865A-D683BC095A0B} = {6F4B9C85-543A-4B33-A777-980B1A89F6B2}
	EndGlobalSection
	GlobalSection(ExtensibilityGlobals) = postSolution
		SolutionGuid = {82493AFD-1EA6-42AB-9DA5-EEF942B885EE}
	EndGlobalSection
EndGlobal
